
Microsoft Visual Studio Solution File, Format Version 12.00
# Visual Studio Version 16
VisualStudioVersion = 16.0.30907.101
MinimumVisualStudioVersion = 10.0.40219.1
Project("{FAE04EC0-301F-11D3-BF4B-00C04F79EFBC}") = "ImportExport", "ImportExport.csproj", "{72ED45A7-3879-49A3-8CB7-C258722F1DBE}"
EndProject
Global
	GlobalSection(SolutionConfigurationPlatforms) = preSolution
		Debug|Any CPU = Debug|Any CPU
		Debug|x64 = Debug|x64
		Release|Any CPU = Release|Any CPU
		Release|x64 = Release|x64
		Release4.0|Any CPU = Release4.0|Any CPU
		Release4.0|x64 = Release4.0|x64
		Release4.5|Any CPU = Release4.5|Any CPU
		Release4.5|x64 = Release4.5|x64
	EndGlobalSection
	GlobalSection(ProjectConfigurationPlatforms) = postSolution
		{72ED45A7-3879-49A3-8CB7-C258722F1DBE}.Debug|Any CPU.ActiveCfg = Debug|Any CPU
		{72ED45A7-3879-49A3-8CB7-C258722F1DBE}.Debug|Any CPU.Build.0 = Debug|Any CPU
		{72ED45A7-3879-49A3-8CB7-C258722F1DBE}.Debug|x64.ActiveCfg = Debug|Any CPU
		{72ED45A7-3879-49A3-8CB7-C258722F1DBE}.Debug|x64.Build.0 = Debug|Any CPU
		{72ED45A7-3879-49A3-8CB7-C258722F1DBE}.Release|Any CPU.ActiveCfg = Release|Any CPU
		{72ED45A7-3879-49A3-8CB7-C258722F1DBE}.Release|Any CPU.Build.0 = Release|Any CPU
		{72ED45A7-3879-49A3-8CB7-C258722F1DBE}.Release|x64.ActiveCfg = Release|Any CPU
		{72ED45A7-3879-49A3-8CB7-C258722F1DBE}.Release|x64.Build.0 = Release|Any CPU
		{72ED45A7-3879-49A3-8CB7-C258722F1DBE}.Release4.0|Any CPU.ActiveCfg = Release|Any CPU
		{72ED45A7-3879-49A3-8CB7-C258722F1DBE}.Release4.0|Any CPU.Build.0 = Release|Any CPU
		{72ED45A7-3879-49A3-8CB7-C258722F1DBE}.Release4.0|x64.ActiveCfg = Release|Any CPU
		{72ED45A7-3879-49A3-8CB7-C258722F1DBE}.Release4.0|x64.Build.0 = Release|Any CPU
		{72ED45A7-3879-49A3-8CB7-C258722F1DBE}.Release4.5|Any CPU.ActiveCfg = Release|Any CPU
		{72ED45A7-3879-49A3-8CB7-C258722F1DBE}.Release4.5|Any CPU.Build.0 = Release|Any CPU
		{72ED45A7-3879-49A3-8CB7-C258722F1DBE}.Release4.5|x64.ActiveCfg = Release|Any CPU
		{72ED45A7-3879-49A3-8CB7-C258722F1DBE}.Release4.5|x64.Build.0 = Release|Any CPU
	EndGlobalSection
	GlobalSection(SolutionProperties) = preSolution
		HideSolutionNode = FALSE
	EndGlobalSection
	GlobalSection(ExtensibilityGlobals) = postSolution
		SolutionGuid = {3B1F98A6-9F04-450D-8C8C-12BC8FC1C2D9}
	EndGlobalSection
	GlobalSection(SubversionScc) = preSolution
		Svn-Managed = True
		Manager = AnkhSVN2019 - Subversion Support for Visual Studio
	EndGlobalSection
EndGlobal
